<?xml version="1.0" encoding="utf-8"?>
<Project ToolsVersion="4.0" xmlns="http://schemas.microsoft.com/developer/msbuild/2003">
  <ItemGroup>
    <Filter Include="Source Files">
      <UniqueIdentifier>{4FC737F1-C7A5-4376-A066-2A32D752A2FF}</UniqueIdentifier>
      <Extensions>cpp;c;cc;cxx;c++;cppm;ixx;def;odl;idl;hpj;bat;asm;asmx</Extensions>
    </Filter>
    <Filter Include="Header Files">
      <UniqueIdentifier>{93995380-89BD-4b04-88EB-625FBE52EBFB}</UniqueIdentifier>
      <Extensions>h;hh;hpp;hxx;h++;hm;inl;inc;ipp;xsd</Extensions>
    </Filter>
    <Filter Include="Resource Files">
      <UniqueIdentifier>{67DA6AB6-F800-4c08-8B7A-83BB121AAD01}</UniqueIdentifier>
      <Extensions>rc;ico;cur;bmp;dlg;rc2;rct;bin;rgs;gif;jpg;jpeg;jpe;resx;tiff;tif;png;wav;mfcribbon-ms</Extensions>
    </Filter>
  </ItemGroup>
  <ItemGroup>
    <ClInclude Include="Headers\LibHeaders.h">
      <Filter>Header Files</Filter>
    </ClInclude>
    <ClInclude Include="Headers\Leetcode.h">
      <Filter>Header Files</Filter>
    </ClInclude>
    <ClInclude Include="Headers\LibHeaders.h">
      <Filter>Header Files</Filter>
    </ClInclude>
    <ClInclude Include="Headers\Problems.h">
      <Filter>Header Files</Filter>
    </ClInclude>
  </ItemGroup>
  <ItemGroup>
    <ClCompile Include="main.cpp">
      <Filter>Source Files</Filter>
    </ClCompile>
    <ClCompile Include="Problems\Breadth_Parentheses_String.cpp">
      <Filter>Source Files</Filter>
    </ClCompile>
    <ClCompile Include="Problems\Combination_Permutation.cpp">
      <Filter>Source Files</Filter>
    </ClCompile>
    <ClCompile Include="Problems\Fenwick_Tree_Postfix_Range.cpp">
      <Filter>Source Files</Filter>
    </ClCompile>
    <ClCompile Include="Problems\Get_Kth_of_Two_Sorted_Arrays.cpp">
      <Filter>Source Files</Filter>
    </ClCompile>
    <ClCompile Include="Problems\Merge_Sort_Alternatives.cpp">
      <Filter>Source Files</Filter>
    </ClCompile>
    <ClCompile Include="Problems\Minimum_Heaviest_Set.cpp">
      <Filter>Source Files</Filter>
    </ClCompile>
    <ClCompile Include="Problems\Minimum_Spanning_Tree.cpp">
      <Filter>Source Files</Filter>
    </ClCompile>
    <ClCompile Include="Problems\Parse_Integer_String.cpp">
      <Filter>Source Files</Filter>
    </ClCompile>
    <ClCompile Include="Problems\Related_Groups.cpp">
      <Filter>Source Files</Filter>
    </ClCompile>
    <ClCompile Include="Problems\Search_Missing_In_Consecutive_Sorted_Array.cpp">
      <Filter>Source Files</Filter>
    </ClCompile>
    <ClCompile Include="Problems\Stock_Trade_Max_Profit.cpp">
      <Filter>Source Files</Filter>
    </ClCompile>
    <ClCompile Include="Leetcode\0004_Median_of_Two_Sorted_Arrays.cpp">
      <Filter>Source Files</Filter>
    </ClCompile>
    <ClCompile Include="Leetcode\0011_Container_With_Most_Water.cpp">
      <Filter>Source Files</Filter>
    </ClCompile>
    <ClCompile Include="Leetcode\0012_Integer_to_Roman.cpp">
      <Filter>Source Files</Filter>
    </ClCompile>
    <ClCompile Include="Leetcode\0037_Sudoku_Solver.cpp">
      <Filter>Source Files</Filter>
    </ClCompile>
    <ClCompile Include="Leetcode\0038_Count_And_Say.cpp">
      <Filter>Source Files</Filter>
    </ClCompile>
    <ClCompile Include="Leetcode\0041_First_Missing_Positive.cpp">
      <Filter>Source Files</Filter>
    </ClCompile>
    <ClCompile Include="Leetcode\0042_Trapping_Rain_Water.cpp">
      <Filter>Source Files</Filter>
    </ClCompile>
    <ClCompile Include="Leetcode\0087_Scramble_String.cpp">
      <Filter>Source Files</Filter>
    </ClCompile>
    <ClCompile Include="Leetcode\0089_Gray_Code.cpp">
      <Filter>Source Files</Filter>
    </ClCompile>
    <ClCompile Include="Leetcode\0115_Distinct_Subsequences.cpp">
      <Filter>Source Files</Filter>
    </ClCompile>
    <ClCompile Include="Leetcode\0117_Populating_Next_Right_Pointers_in_Each_Node_II.cpp">
      <Filter>Source Files</Filter>
    </ClCompile>
    <ClCompile Include="Leetcode\0123_Best_Time_to_Buy_Sell_Stock_III.cpp">
      <Filter>Source Files</Filter>
    </ClCompile>
    <ClCompile Include="Leetcode\0124_Binary_Tree_Maximum_Path_Sum.cpp">
      <Filter>Source Files</Filter>
    </ClCompile>
    <ClCompile Include="Leetcode\0126_Word_Ladder_II.cpp">
      <Filter>Source Files</Filter>
    </ClCompile>
    <ClCompile Include="Leetcode\0130_Surrounded_Regions.cpp">
      <Filter>Source Files</Filter>
    </ClCompile>
    <ClCompile Include="Leetcode\0131_Palindrome_Partitioning.cpp">
      <Filter>Source Files</Filter>
    </ClCompile>
    <ClCompile Include="Leetcode\0132_Palindrome_Partitioning_II.cpp">
      <Filter>Source Files</Filter>
    </ClCompile>
    <ClCompile Include="Leetcode\0133_Clone_Graph.cpp">
      <Filter>Source Files</Filter>
    </ClCompile>
    <ClCompile Include="Leetcode\0134_Gas_Station.cpp">
      <Filter>Source Files</Filter>
    </ClCompile>
    <ClCompile Include="Leetcode\0135_Candy.cpp">
      <Filter>Source Files</Filter>
    </ClCompile>
    <ClCompile Include="Leetcode\0149_Max_Points_on_a_Line.cpp">
      <Filter>Source Files</Filter>
    </ClCompile>
    <ClCompile Include="Leetcode\0150_Evaluate_Reverse_Polish_Notation.cpp">
      <Filter>Source Files</Filter>
    </ClCompile>
    <ClCompile Include="Leetcode\0154_Find_Min_in_Rotated_Sorted_Array_II.cpp">
      <Filter>Source Files</Filter>
    </ClCompile>
    <ClCompile Include="Leetcode\0164_Maximum_Gap.cpp">
      <Filter>Source Files</Filter>
    </ClCompile>
    <ClCompile Include="Leetcode\0174_Dungeon_Game.cpp">
      <Filter>Source Files</Filter>
    </ClCompile>
    <ClCompile Include="Leetcode\0188_Best_Time_Buy_Sell_Stock_IV.cpp">
      <Filter>Source Files</Filter>
    </ClCompile>
    <ClCompile Include="Leetcode\0214_Shortest_Palindrome.cpp">
      <Filter>Source Files</Filter>
    </ClCompile>
    <ClCompile Include="Leetcode\0218_The_Skyline_Problem.cpp">
      <Filter>Source Files</Filter>
    </ClCompile>
    <ClCompile Include="Leetcode\0295_Find_Median_from_Data_Stream.cpp">
      <Filter>Source Files</Filter>
    </ClCompile>
    <ClCompile Include="Leetcode\0300_Longest_Increasing_Subsequence.cpp">
      <Filter>Source Files</Filter>
    </ClCompile>
    <ClCompile Include="Leetcode\0301_Remove_Invalid_Parentheses.cpp">
      <Filter>Source Files</Filter>
    </ClCompile>
    <ClCompile Include="Leetcode\0319_Bulb_Switcher.cpp">
      <Filter>Source Files</Filter>
    </ClCompile>
    <ClCompile Include="Leetcode\0321_Create_Maximum_Number.cpp">
      <Filter>Source Files</Filter>
    </ClCompile>
    <ClCompile Include="Leetcode\0335_Self_Crossing.cpp">
      <Filter>Source Files</Filter>
    </ClCompile>
    <ClCompile Include="Leetcode\0336_Palindrome_Pairs.cpp">
      <Filter>Source Files</Filter>
    </ClCompile>
    <ClCompile Include="Leetcode\0357_Count_Numbers_with_Unique_Digits.cpp">
      <Filter>Source Files</Filter>
    </ClCompile>
    <ClCompile Include="Leetcode\0366_Find_Leaves_Binary_Tree.cpp">
      <Filter>Source Files</Filter>
    </ClCompile>
    <ClCompile Include="Leetcode\0402_Remove_K_Digits.cpp">
      <Filter>Source Files</Filter>
    </ClCompile>
    <ClCompile Include="Leetcode\0415_Add_Strings.cpp">
      <Filter>Source Files</Filter>
    </ClCompile>
    <ClCompile Include="Leetcode\0419_Battleships_On_Board.cpp">
      <Filter>Source Files</Filter>
    </ClCompile>
    <ClCompile Include="Leetcode\0440_Kth_Smallest_in_Lexicographical_Order.cpp">
      <Filter>Source Files</Filter>
    </ClCompile>
    <ClCompile Include="Leetcode\0489_Robot_Room_Cleaner.cpp">
      <Filter>Source Files</Filter>
    </ClCompile>
    <ClCompile Include="Leetcode\0493_Reverse_Pairs.cpp">
      <Filter>Source Files</Filter>
    </ClCompile>
    <ClCompile Include="Leetcode\0532_K_diff_Pairs_in_an_Array.cpp">
      <Filter>Source Files</Filter>
    </ClCompile>
    <ClCompile Include="Leetcode\0539_Minimum_Time_Difference.cpp">
      <Filter>Source Files</Filter>
    </ClCompile>
    <ClCompile Include="Leetcode\0552_Student_Attendance_Record_II.cpp">
      <Filter>Source Files</Filter>
    </ClCompile>
    <ClCompile Include="Leetcode\0564_Find_the_Closest_Palindrome.cpp">
      <Filter>Source Files</Filter>
    </ClCompile>
    <ClCompile Include="Leetcode\0591_Tag_Validator.cpp">
      <Filter>Source Files</Filter>
    </ClCompile>
    <ClCompile Include="Leetcode\0600_Non_negative_Integers_without_Consecutive_Ones.cpp">
      <Filter>Source Files</Filter>
    </ClCompile>
    <ClCompile Include="Leetcode\0642_Search_Autocomplete.cpp">
      <Filter>Source Files</Filter>
    </ClCompile>
    <ClCompile Include="Leetcode\0662_Maximum_Width_of_Binary_Tree.cpp">
      <Filter>Source Files</Filter>
    </ClCompile>
    <ClCompile Include="Leetcode\0678_Valid_Parenthesis_String.cpp">
      <Filter>Source Files</Filter>
    </ClCompile>
    <ClCompile Include="Leetcode\0691_Stickers_to_Spell_Word.cpp">
      <Filter>Source Files</Filter>
    </ClCompile>
    <ClCompile Include="Leetcode\0715_Range_Module.cpp">
      <Filter>Source Files</Filter>
    </ClCompile>
    <ClCompile Include="Leetcode\0745_Prefix_and_Suffix_Search.cpp">
      <Filter>Source Files</Filter>
    </ClCompile>
    <ClCompile Include="Leetcode\0777_Swap_Adjacent_in_LR_String.cpp">
      <Filter>Source Files</Filter>
    </ClCompile>
    <ClCompile Include="Leetcode\0778_Swim_in_Rising_Water.cpp">
      <Filter>Source Files</Filter>
    </ClCompile>
    <ClCompile Include="Leetcode\0780_Reaching_Points.cpp">
      <Filter>Source Files</Filter>
    </ClCompile>
    <ClCompile Include="Leetcode\0805_Split_Array_With_Same_Average.cpp">
      <Filter>Source Files</Filter>
    </ClCompile>
    <ClCompile Include="Leetcode\0818_Race_Car.cpp">
      <Filter>Source Files</Filter>
    </ClCompile>
    <ClCompile Include="Leetcode\0833_Find_And_Replace_in_String.cpp">
      <Filter>Source Files</Filter>
    </ClCompile>
    <ClCompile Include="Leetcode\0847_Shortest_Path_Visiting_All_Nodes.cpp">
      <Filter>Source Files</Filter>
    </ClCompile>
    <ClCompile Include="Leetcode\0887_Super_Egg_Drop.cpp">
      <Filter>Source Files</Filter>
    </ClCompile>
    <ClCompile Include="Leetcode\0891_Sum_of_Subsequence_Widths.cpp">
      <Filter>Source Files</Filter>
    </ClCompile>
    <ClCompile Include="Leetcode\0903_Valid_Permutation_for_DI_Sequence.cpp">
      <Filter>Source Files</Filter>
    </ClCompile>
    <ClCompile Include="Leetcode\0910_Smallest_Range_II.cpp">
      <Filter>Source Files</Filter>
    </ClCompile>
    <ClCompile Include="Leetcode\0911_Online_Election.cpp">
      <Filter>Source Files</Filter>
    </ClCompile>
    <ClCompile Include="Leetcode\0913_Cat_and_Mouse.cpp">
      <Filter>Source Files</Filter>
    </ClCompile>
    <ClCompile Include="Leetcode\0915_Partition_Array_into_Disjoint_Intervals.cpp">
      <Filter>Source Files</Filter>
    </ClCompile>
    <ClCompile Include="Leetcode\0927_Three_Equal_Parts.cpp">
      <Filter>Source Files</Filter>
    </ClCompile>
    <ClCompile Include="Leetcode\0939_Minimum_Area_Rectangle.cpp">
      <Filter>Source Files</Filter>
    </ClCompile>
    <ClCompile Include="Leetcode\1012_Numbers_With_Repeated_Digits.cpp">
      <Filter>Source Files</Filter>
    </ClCompile>
    <ClCompile Include="Leetcode\1032_Stream_of_Characters.cpp">
      <Filter>Source Files</Filter>
    </ClCompile>
    <ClCompile Include="Leetcode\1044_Longest_Duplicate_Substring.cpp">
      <Filter>Source Files</Filter>
    </ClCompile>
    <ClCompile Include="Leetcode\1048_Longest_String_Chain.cpp">
      <Filter>Source Files</Filter>
    </ClCompile>
    <ClCompile Include="Leetcode\1092_Shortest_Common_Supersequence.cpp">
      <Filter>Source Files</Filter>
    </ClCompile>
    <ClCompile Include="Leetcode\1146_Snapshot_Array.cpp">
      <Filter>Source Files</Filter>
    </ClCompile>
    <ClCompile Include="Leetcode\1191_K_Concatenation_Maximum_Sum.cpp">
      <Filter>Source Files</Filter>
    </ClCompile>
    <ClCompile Include="Leetcode\1239_Tiling_Rectangle_With_Fewest_Squares.cpp">
      <Filter>Source Files</Filter>
    </ClCompile>
    <ClCompile Include="Leetcode\1284_Min_Flips_Convert_To_Zero_Matrix.cpp">
      <Filter>Source Files</Filter>
    </ClCompile>
    <ClCompile Include="Leetcode\1293_Shortest_Path_With_Obstacles_Elimination.cpp">
      <Filter>Source Files</Filter>
    </ClCompile>
    <ClCompile Include="Leetcode\1301_Number_of_Paths_with_Max_Score.cpp">
      <Filter>Source Files</Filter>
    </ClCompile>
    <ClCompile Include="Leetcode\1302_Deepest_Leaves_Sum.cpp">
      <Filter>Source Files</Filter>
    </ClCompile>
    <ClCompile Include="Leetcode\1305_All_Elements_in_Two_Binary_Search_Trees.cpp">
      <Filter>Source Files</Filter>
    </ClCompile>
    <ClCompile Include="Leetcode\1306_Jump_Game_III.cpp">
      <Filter>Source Files</Filter>
    </ClCompile>
    <ClCompile Include="Leetcode\1307_Verbal_Arithmetic_Puzzle.cpp">
      <Filter>Source Files</Filter>
    </ClCompile>
    <ClCompile Include="Leetcode\1310_XOR_Queries_of_a_Subarray.cpp">
      <Filter>Source Files</Filter>
    </ClCompile>
    <ClCompile Include="Leetcode\1311_Get_Watched_Videos_by_Your_Friends.cpp">
      <Filter>Source Files</Filter>
    </ClCompile>
    <ClCompile Include="Leetcode\1312_Minimum_Insertion_Steps_to_Make_a_String_Palindrome.cpp">
      <Filter>Source Files</Filter>
    </ClCompile>
    <ClCompile Include="Leetcode\1316_Distinct_Echo_Substrings.cpp">
      <Filter>Source Files</Filter>
    </ClCompile>
    <ClCompile Include="Leetcode\1320_Minimum_Distance_to_Type_a_Word_Using_Two_Fingers.cpp">
      <Filter>Source Files</Filter>
    </ClCompile>
    <ClCompile Include="Leetcode\1326_Minimum_Number_of_Taps_to_Open_to_Water_a_Garden.cpp">
      <Filter>Source Files</Filter>
    </ClCompile>
    <ClCompile Include="Leetcode\1330_Reverse_Subarray_To_Maximize_Array_Value.cpp">
      <Filter>Source Files</Filter>
    </ClCompile>
    <ClCompile Include="Leetcode\1335_Minimum_Difficulty_of_a_Job_Schedule.cpp">
      <Filter>Source Files</Filter>
    </ClCompile>
    <ClCompile Include="Leetcode\1340_Jump_Game_V.cpp">
      <Filter>Source Files</Filter>
    </ClCompile>
    <ClCompile Include="Leetcode\1345_Jump_Game_IV.cpp">
      <Filter>Source Files</Filter>
    </ClCompile>
    <ClCompile Include="Leetcode\1349_Maximum_Students_Taking_Exam.cpp">
      <Filter>Source Files</Filter>
    </ClCompile>
    <ClCompile Include="Leetcode\1354_Construct_Target_Array_With_Multiple_Sums.cpp">
      <Filter>Source Files</Filter>
    </ClCompile>
    <ClCompile Include="Leetcode\1363_Largest_Multiple_of_Three.cpp">
      <Filter>Source Files</Filter>
    </ClCompile>
    <ClCompile Include="Leetcode\1377_Frog_Position_After_T_Seconds.cpp">
      <Filter>Source Files</Filter>
    </ClCompile>
    <ClCompile Include="Leetcode\1392_Longest_Happy_Prefix.cpp">
      <Filter>Source Files</Filter>
    </ClCompile>
    <ClCompile Include="Leetcode\1397_Find_All_Good_Strings.cpp">
      <Filter>Source Files</Filter>
    </ClCompile>
    <ClCompile Include="Leetcode\1416_Restore_The_Array.cpp">
      <Filter>Source Files</Filter>
    </ClCompile>
    <ClCompile Include="Leetcode\1419_Minimum_Number_of_Frogs_Croaking.cpp">
      <Filter>Source Files</Filter>
    </ClCompile>
    <ClCompile Include="Leetcode\1420_Build_Array_Where_You_Can_Find_Maximum_Exactly_K_Comparisons.cpp">
      <Filter>Source Files</Filter>
    </ClCompile>
    <ClCompile Include="Leetcode\1483_Kth_Ancestor_of_a_Tree_Node.cpp">
      <Filter>Source Files</Filter>
    </ClCompile>
    <ClCompile Include="Leetcode\1526_Minimum_Number_of_Increments_on_Subarrays_to_From_a_Target_Array.cpp">
      <Filter>Source Files</Filter>
    </ClCompile>
    <ClCompile Include="Leetcode\1531_String_Compression_II.cpp">
      <Filter>Source Files</Filter>
    </ClCompile>
    <ClCompile Include="Leetcode\1545_Find_Kth_Bit_in_Nth_Binary_String.cpp">
      <Filter>Source Files</Filter>
    </ClCompile>
    <ClCompile Include="Leetcode\1547_Minimum_Cost_to_Cut_a_Stick.cpp">
      <Filter>Source Files</Filter>
    </ClCompile>
    <ClCompile Include="Leetcode\1766_Tree_of_Coprimes.cpp">
      <Filter>Source Files</Filter>
    </ClCompile>
    <ClCompile Include="Leetcode\1786_Number_Restricted_Paths_From_First_to_Last_Node.cpp">
      <Filter>Source Files</Filter>
    </ClCompile>
    <ClCompile Include="Leetcode\1803_Count_Pairs_XOR_in_Range.cpp">
      <Filter>Source Files</Filter>
    </ClCompile>
    <ClCompile Include="Leetcode\1808_Maximize_Number_Nice_Divisors.cpp">
      <Filter>Source Files</Filter>
    </ClCompile>
    <ClCompile Include="Leetcode\1815_Maximum_Number_Groups_Fresh_Donuts.cpp">
      <Filter>Source Files</Filter>
    </ClCompile>
    <ClCompile Include="Leetcode\1840_Maximum_Building_Height.cpp">
      <Filter>Source Files</Filter>
    </ClCompile>
    <ClCompile Include="Leetcode\1847_Closest_Room.cpp">
      <Filter>Source Files</Filter>
    </ClCompile>
    <ClCompile Include="Leetcode\1851_Minimum_Interval_Include_Query.cpp">
      <Filter>Source Files</Filter>
    </ClCompile>
    <ClCompile Include="Leetcode\1862_Sum_of_Floored_Pairs.cpp">
      <Filter>Source Files</Filter>
    </ClCompile>
    <ClCompile Include="Leetcode\1866_Number_Ways_Rearrange_Sticks_K_Visible.cpp">
      <Filter>Source Files</Filter>
    </ClCompile>
    <ClCompile Include="Leetcode\1872_Stone_Game_VIII.cpp">
      <Filter>Source Files</Filter>
    </ClCompile>
    <ClCompile Include="Leetcode\1879_Minimum_XOR_Sum_Two_Arrays.cpp">
      <Filter>Source Files</Filter>
    </ClCompile>
    <ClCompile Include="Leetcode\1883_Minimum_Skips_to_Arrive_On_Time.cpp">
      <Filter>Source Files</Filter>
    </ClCompile>
    <ClCompile Include="Leetcode\1889_Minimum_Space_Waste_Packaging.cpp">
      <Filter>Source Files</Filter>
    </ClCompile>
    <ClCompile Include="Leetcode\1896_Minimum_Cost_Change_Bool_Expression_Value.cpp">
      <Filter>Source Files</Filter>
    </ClCompile>
    <ClCompile Include="Leetcode\1900_Rounds_Where_Players_Compete.cpp">
      <Filter>Source Files</Filter>
    </ClCompile>
    <ClCompile Include="Leetcode\1916_Ways_to_Build_Ant_Colony.cpp">
      <Filter>Source Files</Filter>
    </ClCompile>
    <ClCompile Include="Leetcode\1937_Maximum_Number_Points_with_Cost.cpp">
      <Filter>Source Files</Filter>
    </ClCompile>
    <ClCompile Include="Leetcode\2030_Smallest_K_Length_Subseq_Occur_Letter.cpp">
      <Filter>Source Files</Filter>
    </ClCompile>
    <ClCompile Include="Leetcode\2092_Find_All_People_With_Secret.cpp">
      <Filter>Source Files</Filter>
    </ClCompile>
    <ClCompile Include="Leetcode\2096_Step_Direction_Binary_Tree_Node_To_Another.cpp">
      <Filter>Source Files</Filter>
    </ClCompile>
    <ClCompile Include="Leetcode\2102_Sequentially_Ordinal_Rank_Tracker.cpp">
      <Filter>Source Files</Filter>
    </ClCompile>
    <ClCompile Include="Leetcode\2105_Watering_Plants_II.cpp">
      <Filter>Source Files</Filter>
    </ClCompile>
    <ClCompile Include="Leetcode\2128_Remove_All_Ones_Row_Column_Flip.cpp">
      <Filter>Source Files</Filter>
    </ClCompile>
    <ClCompile Include="Leetcode\2132_Stamping_the_Grid.cpp">
      <Filter>Source Files</Filter>
    </ClCompile>
    <ClCompile Include="Leetcode\2141_Maximum_Running_Time_of_N_Computers.cpp">
      <Filter>Source Files</Filter>
    </ClCompile>
    <ClCompile Include="Leetcode\2147_Number_of_Ways_to_Divide_a_Long_Corridor.cpp">
      <Filter>Source Files</Filter>
    </ClCompile>
    <ClCompile Include="Leetcode\2172_Max_AND_Sum_of_Array.cpp">
      <Filter>Source Files</Filter>
    </ClCompile>
    <ClCompile Include="Leetcode\2179_Count_Good_Triplets_in_Array.cpp">
      <Filter>Source Files</Filter>
    </ClCompile>
    <ClCompile Include="Leetcode\2213_Longest_Substring_One_Repeating_Char.cpp">
      <Filter>Source Files</Filter>
    </ClCompile>
    <ClCompile Include="Leetcode\2234_Max_Total_Beauty_Gardens.cpp">
      <Filter>Source Files</Filter>
    </ClCompile>
    <ClCompile Include="Leetcode\2761_Prime_Pairs_With_Target_Sum.cpp">
      <Filter>Source Files</Filter>
    </ClCompile>
    <ClCompile Include="Leetcode\0127_Word_Ladder.cpp">
      <Filter>Source Files</Filter>
    </ClCompile>
    <ClCompile Include="Leetcode\0128_Longest_Consecutive_Sequence.cpp">
      <Filter>Source Files</Filter>
    </ClCompile>
    <ClCompile Include="Leetcode\0129_Sum_Root_to_Leaf_Numbers.cpp">
      <Filter>Source Files</Filter>
    </ClCompile>
    <ClCompile Include="Leetcode\0140_Word_Break_II.cpp">
      <Filter>Source Files</Filter>
    </ClCompile>
    <ClCompile Include="Leetcode\0153_Find_Minimum_in_Rotated_Sorted_Array.cpp">
      <Filter>Source Files</Filter>
    </ClCompile>
    <ClCompile Include="Leetcode\0152_Maximum_Product_Subarray.cpp">
      <Filter>Source Files</Filter>
    </ClCompile>
    <ClCompile Include="Problems\Post_Order_Traverse_Iterative.cpp">
      <Filter>Source Files</Filter>
    </ClCompile>
    <ClCompile Include="Problems\Rotate_In_Place.cpp">
      <Filter>Source Files</Filter>
    </ClCompile>
    <ClCompile Include="Problems\Optimal_Search_Tree.cpp">
      <Filter>Source Files</Filter>
    </ClCompile>
  </ItemGroup>
</Project>