<?xml version="1.0" encoding="utf-8"?>
<Project ToolsVersion="4.0" xmlns="http://schemas.microsoft.com/developer/msbuild/2003">
  <ItemGroup>
    <Filter Include="Source Files">
      <UniqueIdentifier>{4FC737F1-C7A5-4376-A066-2A32D752A2FF}</UniqueIdentifier>
      <Extensions>cpp;c;cc;cxx;c++;cppm;ixx;def;odl;idl;hpj;bat;asm;asmx</Extensions>
    </Filter>
    <Filter Include="Header Files">
      <UniqueIdentifier>{93995380-89BD-4b04-88EB-625FBE52EBFB}</UniqueIdentifier>
      <Extensions>h;hh;hpp;hxx;h++;hm;inl;inc;ipp;xsd</Extensions>
    </Filter>
    <Filter Include="Resource Files">
      <UniqueIdentifier>{67DA6AB6-F800-4c08-8B7A-83BB121AAD01}</UniqueIdentifier>
      <Extensions>rc;ico;cur;bmp;dlg;rc2;rct;bin;rgs;gif;jpg;jpeg;jpe;resx;tiff;tif;png;wav;mfcribbon-ms</Extensions>
    </Filter>
  </ItemGroup>
  <ItemGroup>
    <ClInclude Include="AggregatedHeaders.h">
      <Filter>Header Files</Filter>
    </ClInclude>
    <ClInclude Include="Headers\AggregatedSmallExamples1.h">
      <Filter>Header Files</Filter>
    </ClInclude>
    <ClInclude Include="Headers\BuiltInAlgo1.h">
      <Filter>Header Files</Filter>
    </ClInclude>
    <ClInclude Include="Headers\CallFunctionInChildClass1.h">
      <Filter>Header Files</Filter>
    </ClInclude>
    <ClInclude Include="Headers\ConstFunction1.h">
      <Filter>Header Files</Filter>
    </ClInclude>
    <ClInclude Include="Headers\ConstOverloadResolution1.h">
      <Filter>Header Files</Filter>
    </ClInclude>
    <ClInclude Include="Headers\ConstPointer1.h">
      <Filter>Header Files</Filter>
    </ClInclude>
    <ClInclude Include="Headers\ConstRefToPtrAsFuncArg1.h">
      <Filter>Header Files</Filter>
    </ClInclude>
    <ClInclude Include="Headers\ContainerLib1.h">
      <Filter>Header Files</Filter>
    </ClInclude>
    <ClInclude Include="Headers\CopyByValueCtor_MoveCtor1.h">
      <Filter>Header Files</Filter>
    </ClInclude>
    <ClInclude Include="Headers\DefaultConstructor1.h">
      <Filter>Header Files</Filter>
    </ClInclude>
    <ClInclude Include="Headers\DefaultCtorCurlyBracesInitializer1.h">
      <Filter>Header Files</Filter>
    </ClInclude>
    <ClInclude Include="Headers\DigitDynamicProgramming.h">
      <Filter>Header Files</Filter>
    </ClInclude>
    <ClInclude Include="Headers\MemberInitializerListAndStdMove1.h">
      <Filter>Header Files</Filter>
    </ClInclude>
    <ClInclude Include="Headers\NamespaceScope1.h">
      <Filter>Header Files</Filter>
    </ClInclude>
    <ClInclude Include="Headers\NewArrayAndPointer1.h">
      <Filter>Header Files</Filter>
    </ClInclude>
    <ClInclude Include="Demo\TemplateClassImplementInHeader\NonTemplClassSeparateDeclDef1.h">
      <Filter>Header Files</Filter>
    </ClInclude>
    <ClInclude Include="Headers\OperatorNew1.h">
      <Filter>Header Files</Filter>
    </ClInclude>
    <ClInclude Include="Headers\RawPtr_Vector_StdOptionalArray1.h">
      <Filter>Header Files</Filter>
    </ClInclude>
    <ClInclude Include="Headers\RefOfReturnValue1.h">
      <Filter>Header Files</Filter>
    </ClInclude>
    <ClInclude Include="Headers\RefToArrayAsFuncInput1.h">
      <Filter>Header Files</Filter>
    </ClInclude>
    <ClInclude Include="Headers\ResetUniquePointer1.h">
      <Filter>Header Files</Filter>
    </ClInclude>
    <ClInclude Include="Headers\ReturnValueOptimization1.h">
      <Filter>Header Files</Filter>
    </ClInclude>
    <ClInclude Include="Headers\RvalueRefToLvalueRef1.h">
      <Filter>Header Files</Filter>
    </ClInclude>
    <ClInclude Include="Headers\SetLowerBound1.h">
      <Filter>Header Files</Filter>
    </ClInclude>
    <ClInclude Include="Headers\SortedSet1.h">
      <Filter>Header Files</Filter>
    </ClInclude>
    <ClInclude Include="Headers\StringLiterals1.h">
      <Filter>Header Files</Filter>
    </ClInclude>
    <ClInclude Include="Headers\ThreadExamples1.h">
      <Filter>Header Files</Filter>
    </ClInclude>
    <ClInclude Include="Headers\TrailingReturnType1.h">
      <Filter>Header Files</Filter>
    </ClInclude>
    <ClInclude Include="Headers\UniquePtrDemo1.h">
      <Filter>Header Files</Filter>
    </ClInclude>
    <ClInclude Include="Demo\TemplateClassImplementInHeader\Vector1.h">
      <Filter>Header Files</Filter>
    </ClInclude>
    <ClInclude Include="Headers\VectorInsert1.h">
      <Filter>Header Files</Filter>
    </ClInclude>
    <ClInclude Include="Demo\TemplateClassImplementInHeader\VectorSeparateDeclareDefine1.h">
      <Filter>Header Files</Filter>
    </ClInclude>
    <ClInclude Include="Demo\BenGorman_BST.h">
      <Filter>Header Files</Filter>
    </ClInclude>
    <ClInclude Include="Demo\MarkAllenWeiss_BST.h">
      <Filter>Header Files</Filter>
    </ClInclude>
    <ClInclude Include="LibHeaders.h">
      <Filter>Header Files</Filter>
    </ClInclude>
  </ItemGroup>
  <ItemGroup>
    <ClCompile Include="src\AccessOtherObjectSameClassPrivateMember.cpp">
      <Filter>Source Files</Filter>
    </ClCompile>
    <ClCompile Include="src\AggregatedSmallExamples1.cpp">
      <Filter>Source Files</Filter>
    </ClCompile>
    <ClCompile Include="src\UniquePtrInitializeAndCopy1.cpp">
      <Filter>Source Files</Filter>
    </ClCompile>
    <ClCompile Include="src\CallFunctionInChildClass1.cpp">
      <Filter>Source Files</Filter>
    </ClCompile>
    <ClCompile Include="src\ConstFunction1.cpp">
      <Filter>Source Files</Filter>
    </ClCompile>
    <ClCompile Include="src\ConstOverloadResolution1.cpp">
      <Filter>Source Files</Filter>
    </ClCompile>
    <ClCompile Include="src\ConstPointer1.cpp">
      <Filter>Source Files</Filter>
    </ClCompile>
    <ClCompile Include="src\ConstRefToPtrAsFuncArg1.cpp">
      <Filter>Source Files</Filter>
    </ClCompile>
    <ClCompile Include="src\CopyByValueCtror_MoveCtor1cpp.cpp">
      <Filter>Source Files</Filter>
    </ClCompile>
    <ClCompile Include="src\DefaultConstructor1.cpp">
      <Filter>Source Files</Filter>
    </ClCompile>
    <ClCompile Include="src\DefaultCtorCurlyBracesInitializer1.cpp">
      <Filter>Source Files</Filter>
    </ClCompile>
    <ClCompile Include="src\MemberInitializerListAndStdMove1.cpp">
      <Filter>Source Files</Filter>
    </ClCompile>
    <ClCompile Include="src\NamespaceScope1.cpp">
      <Filter>Source Files</Filter>
    </ClCompile>
    <ClCompile Include="src\NewArrayAndPointer1.cpp">
      <Filter>Source Files</Filter>
    </ClCompile>
    <ClCompile Include="src\OperatorNew1.cpp">
      <Filter>Source Files</Filter>
    </ClCompile>
    <ClCompile Include="src\RefOfReturnValue1.cpp">
      <Filter>Source Files</Filter>
    </ClCompile>
    <ClCompile Include="src\RefToArrayAsFuncInput1.cpp">
      <Filter>Source Files</Filter>
    </ClCompile>
    <ClCompile Include="src\ResetUniquePointer1.cpp">
      <Filter>Source Files</Filter>
    </ClCompile>
    <ClCompile Include="src\ReturnValueOptimization1.cpp">
      <Filter>Source Files</Filter>
    </ClCompile>
    <ClCompile Include="src\RvalueRefToLvalueRef1.cpp">
      <Filter>Source Files</Filter>
    </ClCompile>
    <ClCompile Include="src\SetLowerBound1.cpp">
      <Filter>Source Files</Filter>
    </ClCompile>
    <ClCompile Include="src\StringLiterals1.cpp">
      <Filter>Source Files</Filter>
    </ClCompile>
    <ClCompile Include="src\TrailingReturnType1.cpp">
      <Filter>Source Files</Filter>
    </ClCompile>
    <ClCompile Include="src\VectorInsert1.cpp">
      <Filter>Source Files</Filter>
    </ClCompile>
    <ClCompile Include="Demo\BuiltInAlgo1.cpp">
      <Filter>Source Files</Filter>
    </ClCompile>
    <ClCompile Include="Demo\TemplateClassImplementInHeader\ClassDeclare1.cpp">
      <Filter>Source Files</Filter>
    </ClCompile>
    <ClCompile Include="Demo\ContainerLib1.cpp">
      <Filter>Source Files</Filter>
    </ClCompile>
    <ClCompile Include="Demo\DigitDynamicProgramming1.cpp">
      <Filter>Source Files</Filter>
    </ClCompile>
    <ClCompile Include="Demo\TemplateClassImplementInHeader\NonTemplClassSeparateDeclDef1.cpp">
      <Filter>Source Files</Filter>
    </ClCompile>
    <ClCompile Include="Demo\RawPtr_Vector_StdOptionalArray1.cpp">
      <Filter>Source Files</Filter>
    </ClCompile>
    <ClCompile Include="Demo\SortedSet1.cpp">
      <Filter>Source Files</Filter>
    </ClCompile>
    <ClCompile Include="Demo\ThreadExamples1.cpp">
      <Filter>Source Files</Filter>
    </ClCompile>
    <ClCompile Include="Demo\UniquePtrDemo1.cpp">
      <Filter>Source Files</Filter>
    </ClCompile>
    <ClCompile Include="Demo\TemplateClassImplementInHeader\Vector1.cpp">
      <Filter>Source Files</Filter>
    </ClCompile>
    <ClCompile Include="Demo\TemplateClassImplementInHeader\VectorSeparateDeclareDefine1.cpp">
      <Filter>Source Files</Filter>
    </ClCompile>
    <ClCompile Include="main.cpp">
      <Filter>Source Files</Filter>
    </ClCompile>
    <ClCompile Include="src\binary_decimal_convert.cpp">
      <Filter>Source Files</Filter>
    </ClCompile>
    <ClCompile Include="src\endian_swap.cpp">
      <Filter>Source Files</Filter>
    </ClCompile>
    <ClCompile Include="src\OperatorOverload1.cpp">
      <Filter>Source Files</Filter>
    </ClCompile>
    <ClCompile Include="src\SpecializedTemplate1.cpp">
      <Filter>Source Files</Filter>
    </ClCompile>
    <ClCompile Include="src\thread1.cpp">
      <Filter>Source Files</Filter>
    </ClCompile>
  </ItemGroup>
</Project>